github.com/elgs/gojq v0.0.0-20201120033525-b5293fef2759 h1:WtAKk9RULee8RXnR3to5hg7TrsPVCdxYVrOZRjR54LU=
github.com/elgs/gojq v0.0.0-20201120033525-b5293fef2759/go.mod h1:rQELVIqRXpraeUryHOBadz99ePvEVQmTVpGr8M9QQ4Q=
github.com/elgs/gosplitargs v0.0.0-20161028071935-a491c5eeb3c8 h1:bD2/rCXwgXJm2vgoSSSCM9IPjVFfEoQFFblzg7HHABI=
github.com/elgs/gosplitargs v0.0.0-20161028071935-a491c5eeb3c8/go.mod h1:o4DgpccPNAQAlPSxo7I4L/LWNh2oyr/BBGSynrLTmZM=
github.com/itchyny/gojq v0.12.9 h1:biKpbKwMxVYhCU1d6mR7qMr3f0Hn9F5k5YykCVb3gmM=
github.com/itchyny/gojq v0.12.9/go.mod h1:T4Ip7AETUXeGpD+436m+UEl3m3tokRgajd5pRfsR5oE=
github.com/itchyny/timefmt-go v0.1.4 h1:hFEfWVdwsEi+CY8xY2FtgWHGQaBaC3JeHd+cve0ynVM=
github.com/itchyny/timefmt-go v0.1.4/go.mod h1:nEP7L+2YmAbT2kZ2HfSs1d8Xtw9LY8D2stDBckWakZ8=
